// !$*UTF8*$!
{
	archiveVersion = 1;
	classes = {
	};
	objectVersion = 50;
	objects = {

/* Begin PBXBuildFile section */
		3B2D5B1021B59FEC0062FA2C /* AppDelegate.swift in Sources */ = {isa = PBXBuildFile; fileRef = 3B2D5B0F21B59FEC0062FA2C /* AppDelegate.swift */; };
		3B2D5B1221B59FEC0062FA2C /* ViewController.swift in Sources */ = {isa = PBXBuildFile; fileRef = 3B2D5B1121B59FEC0062FA2C /* ViewController.swift */; };
		3B2D5B1521B59FEC0062FA2C /* Main.storyboard in Resources */ = {isa = PBXBuildFile; fileRef = 3B2D5B1321B59FEC0062FA2C /* Main.storyboard */; };
		3B2D5B1721B59FED0062FA2C /* Assets.xcassets in Resources */ = {isa = PBXBuildFile; fileRef = 3B2D5B1621B59FED0062FA2C /* Assets.xcassets */; };
		3B2D5B1A21B59FED0062FA2C /* LaunchScreen.storyboard in Resources */ = {isa = PBXBuildFile; fileRef = 3B2D5B1821B59FED0062FA2C /* LaunchScreen.storyboard */; };
		3B45822421D80EFE0025288B /* TakePhotoViewController.swift in Sources */ = {isa = PBXBuildFile; fileRef = 3B45822321D80EFE0025288B /* TakePhotoViewController.swift */; };
		3B4899B02205023400B2A6EC /* MahjongClassifier.mlmodel in Sources */ = {isa = PBXBuildFile; fileRef = 3B4899AF2205023400B2A6EC /* MahjongClassifier.mlmodel */; };
		3B4B3D5C21BAB66400E2BB73 /* RoundedButton.swift in Sources */ = {isa = PBXBuildFile; fileRef = 3B4B3D5B21BAB66400E2BB73 /* RoundedButton.swift */; };
		3B65D02B21F8C7C100760B6A /* MahjongClassification.mlmodel in Sources */ = {isa = PBXBuildFile; fileRef = 3B65D02A21F8C7C100760B6A /* MahjongClassification.mlmodel */; };
		3BB67C1C21B725850092DE2E /* MahjongScoring.swift in Sources */ = {isa = PBXBuildFile; fileRef = 3BB67C1B21B725850092DE2E /* MahjongScoring.swift */; };
		3BB67C1E21B72FBC0092DE2E /* MahjongTile.swift in Sources */ = {isa = PBXBuildFile; fileRef = 3BB67C1D21B72FBC0092DE2E /* MahjongTile.swift */; };
/* End PBXBuildFile section */

/* Begin PBXFileReference section */
		3B2D5B0C21B59FEC0062FA2C /* Mahjong Scoring.app */ = {isa = PBXFileReference; explicitFileType = wrapper.application; includeInIndex = 0; path = "Mahjong Scoring.app"; sourceTree = BUILT_PRODUCTS_DIR; };
		3B2D5B0F21B59FEC0062FA2C /* AppDelegate.swift */ = {isa = PBXFileReference; lastKnownFileType = sourcecode.swift; path = AppDelegate.swift; sourceTree = "<group>"; };
		3B2D5B1121B59FEC0062FA2C /* ViewController.swift */ = {isa = PBXFileReference; lastKnownFileType = sourcecode.swift; path = ViewController.swift; sourceTree = "<group>"; };
		3B2D5B1421B59FEC0062FA2C /* Base */ = {isa = PBXFileReference; lastKnownFileType = file.storyboard; name = Base; path = Base.lproj/Main.storyboard; sourceTree = "<group>"; };
		3B2D5B1621B59FED0062FA2C /* Assets.xcassets */ = {isa = PBXFileReference; lastKnownFileType = folder.assetcatalog; path = Assets.xcassets; sourceTree = "<group>"; };
		3B2D5B1921B59FED0062FA2C /* Base */ = {isa = PBXFileReference; lastKnownFileType = file.storyboard; name = Base; path = Base.lproj/LaunchScreen.storyboard; sourceTree = "<group>"; };
		3B2D5B1B21B59FED0062FA2C /* Info.plist */ = {isa = PBXFileReference; lastKnownFileType = text.plist.xml; path = Info.plist; sourceTree = "<group>"; };
		3B45822321D80EFE0025288B /* TakePhotoViewController.swift */ = {isa = PBXFileReference; lastKnownFileType = sourcecode.swift; path = TakePhotoViewController.swift; sourceTree = "<group>"; };
		3B4899AF2205023400B2A6EC /* MahjongClassifier.mlmodel */ = {isa = PBXFileReference; lastKnownFileType = file.mlmodel; path = MahjongClassifier.mlmodel; sourceTree = "<group>"; };
		3B4B3D5B21BAB66400E2BB73 /* RoundedButton.swift */ = {isa = PBXFileReference; lastKnownFileType = sourcecode.swift; path = RoundedButton.swift; sourceTree = "<group>"; };
		3B65D02A21F8C7C100760B6A /* MahjongClassification.mlmodel */ = {isa = PBXFileReference; lastKnownFileType = file.mlmodel; path = MahjongClassification.mlmodel; sourceTree = "<group>"; };
		3BB67C1B21B725850092DE2E /* MahjongScoring.swift */ = {isa = PBXFileReference; lastKnownFileType = sourcecode.swift; path = MahjongScoring.swift; sourceTree = "<group>"; };
		3BB67C1D21B72FBC0092DE2E /* MahjongTile.swift */ = {isa = PBXFileReference; lastKnownFileType = sourcecode.swift; path = MahjongTile.swift; sourceTree = "<group>"; };
/* End PBXFileReference section */

/* Begin PBXFrameworksBuildPhase section */
		3B2D5B0921B59FEB0062FA2C /* Frameworks */ = {
			isa = PBXFrameworksBuildPhase;
			buildActionMask = 2147483647;
			files = (
			);
			runOnlyForDeploymentPostprocessing = 0;
		};
/* End PBXFrameworksBuildPhase section */

/* Begin PBXGroup section */
		3B2D5B0321B59FEB0062FA2C = {
			isa = PBXGroup;
			children = (
				3B2D5B0E21B59FEC0062FA2C /* Mahjong Scoring */,
				3B2D5B0D21B59FEC0062FA2C /* Products */,
			);
			sourceTree = "<group>";
		};
		3B2D5B0D21B59FEC0062FA2C /* Products */ = {
			isa = PBXGroup;
			children = (
				3B2D5B0C21B59FEC0062FA2C /* Mahjong Scoring.app */,
			);
			name = Products;
			sourceTree = "<group>";
		};
		3B2D5B0E21B59FEC0062FA2C /* Mahjong Scoring */ = {
			isa = PBXGroup;
			children = (
				3B4899AF2205023400B2A6EC /* MahjongClassifier.mlmodel */,
				3B65D02A21F8C7C100760B6A /* MahjongClassification.mlmodel */,
				3B45822321D80EFE0025288B /* TakePhotoViewController.swift */,
				3B2D5B0F21B59FEC0062FA2C /* AppDelegate.swift */,
				3B4B3D5B21BAB66400E2BB73 /* RoundedButton.swift */,
				3B2D5B1121B59FEC0062FA2C /* ViewController.swift */,
				3B2D5B1321B59FEC0062FA2C /* Main.storyboard */,
				3BB67C1B21B725850092DE2E /* MahjongScoring.swift */,
				3BB67C1D21B72FBC0092DE2E /* MahjongTile.swift */,
				3B2D5B1821B59FED0062FA2C /* LaunchScreen.storyboard */,
				3B2D5B1621B59FED0062FA2C /* Assets.xcassets */,
				3B2D5B1B21B59FED0062FA2C /* Info.plist */,
			);
			path = "Mahjong Scoring";
			sourceTree = "<group>";
		};
/* End PBXGroup section */

/* Begin PBXNativeTarget section */
		3B2D5B0B21B59FEB0062FA2C /* Mahjong Scoring */ = {
			isa = PBXNativeTarget;
			buildConfigurationList = 3B2D5B1E21B59FED0062FA2C /* Build configuration list for PBXNativeTarget "Mahjong Scoring" */;
			buildPhases = (
				3B2D5B0821B59FEB0062FA2C /* Sources */,
				3B2D5B0921B59FEB0062FA2C /* Frameworks */,
				3B2D5B0A21B59FEB0062FA2C /* Resources */,
			);
			buildRules = (
			);
			dependencies = (
			);
			name = "Mahjong Scoring";
			productName = "Mahjong Scoring";
			productReference = 3B2D5B0C21B59FEC0062FA2C /* Mahjong Scoring.app */;
			productType = "com.apple.product-type.application";
		};
/* End PBXNativeTarget section */

/* Begin PBXProject section */
		3B2D5B0421B59FEB0062FA2C /* Project object */ = {
			isa = PBXProject;
			attributes = {
				LastSwiftUpdateCheck = 1010;
				LastUpgradeCheck = 1010;
				ORGANIZATIONNAME = "Yue QI";
				TargetAttributes = {
					3B2D5B0B21B59FEB0062FA2C = {
						CreatedOnToolsVersion = 10.1;
					};
				};
			};
			buildConfigurationList = 3B2D5B0721B59FEB0062FA2C /* Build configuration list for PBXProject "Mahjong Scoring" */;
			compatibilityVersion = "Xcode 9.3";
			developmentRegion = en;
			hasScannedForEncodings = 0;
			knownRegions = (
				en,
				Base,
			);
			mainGroup = 3B2D5B0321B59FEB0062FA2C;
			productRefGroup = 3B2D5B0D21B59FEC0062FA2C /* Products */;
			projectDirPath = "";
			projectRoot = "";
			targets = (
				3B2D5B0B21B59FEB0062FA2C /* Mahjong Scoring */,
			);
		};
/* End PBXProject section */

/* Begin PBXResourcesBuildPhase section */
		3B2D5B0A21B59FEB0062FA2C /* Resources */ = {
			isa = PBXResourcesBuildPhase;
			buildActionMask = 2147483647;
			files = (
				3B2D5B1A21B59FED0062FA2C /* LaunchScreen.storyboard in Resources */,
				3B2D5B1721B59FED0062FA2C /* Assets.xcassets in Resources */,
				3B2D5B1521B59FEC0062FA2C /* Main.storyboard in Resources */,
			);
			runOnlyForDeploymentPostprocessing = 0;
		};
/* End PBXResourcesBuildPhase section */

/* Begin PBXSourcesBuildPhase section */
		3B2D5B0821B59FEB0062FA2C /* Sources */ = {
			isa = PBXSourcesBuildPhase;
			buildActionMask = 2147483647;
			files = (
				3BB67C1C21B725850092DE2E /* MahjongScoring.swift in Sources */,
				3B4B3D5C21BAB66400E2BB73 /* RoundedButton.swift in Sources */,
				3B4899B02205023400B2A6EC /* MahjongClassifier.mlmodel in Sources */,
				3B2D5B1221B59FEC0062FA2C /* ViewController.swift in Sources */,
				3BB67C1E21B72FBC0092DE2E /* MahjongTile.swift in Sources */,
				3B45822421D80EFE0025288B /* TakePhotoViewController.swift in Sources */,
				3B2D5B1021B59FEC0062FA2C /* AppDelegate.swift in Sources */,
				3B65D02B21F8C7C100760B6A /* MahjongClassification.mlmodel in Sources */,
			);
			runOnlyForDeploymentPostprocessing = 0;
		};
/* End PBXSourcesBuildPhase section */

/* Begin PBXVariantGroup section */
		3B2D5B1321B59FEC0062FA2C /* Main.storyboard */ = {
			isa = PBXVariantGroup;
			children = (
				3B2D5B1421B59FEC0062FA2C /* Base */,
			);
			name = Main.storyboard;
			sourceTree = "<group>";
		};
		3B2D5B1821B59FED0062FA2C /* LaunchScreen.storyboard */ = {
			isa = PBXVariantGroup;
			children = (
				3B2D5B1921B59FED0062FA2C /* Base */,
			);
			name = LaunchScreen.storyboard;
			sourceTree = "<group>";
		};
/* End PBXVariantGroup section */

/* Begin XCBuildConfiguration section */
		3B2D5B1C21B59FED0062FA2C /* Debug */ = {
			isa = XCBuildConfiguration;
			buildSettings = {
				ALWAYS_SEARCH_USER_PATHS = NO;
				CLANG_ANALYZER_NONNULL = YES;
				CLANG_ANALYZER_NUMBER_OBJECT_CONVERSION = YES_AGGRESSIVE;
				CLANG_CXX_LANGUAGE_STANDARD = "gnu++14";
				CLANG_CXX_LIBRARY = "libc++";
				CLANG_ENABLE_MODULES = YES;
				CLANG_ENABLE_OBJC_ARC = YES;
				CLANG_ENABLE_OBJC_WEAK = YES;
				CLANG_WARN_BLOCK_CAPTURE_AUTORELEASING = YES;
				CLANG_WARN_BOOL_CONVERSION = YES;
				CLANG_WARN_COMMA = YES;
				CLANG_WARN_CONSTANT_CONVERSION = YES;
				CLANG_WARN_DEPRECATED_OBJC_IMPLEMENTATIONS = YES;
				CLANG_WARN_DIRECT_OBJC_ISA_USAGE = YES_ERROR;
				CLANG_WARN_DOCUMENTATION_COMMENTS = YES;
				CLANG_WARN_EMPTY_BODY = YES;
				CLANG_WARN_ENUM_CONVERSION = YES;
				CLANG_WARN_INFINITE_RECURSION = YES;
				CLANG_WARN_INT_CONVERSION = YES;
				CLANG_WARN_NON_LITERAL_NULL_CONVERSION = YES;
				CLANG_WARN_OBJC_IMPLICIT_RETAIN_SELF = YES;
				CLANG_WARN_OBJC_LITERAL_CONVERSION = YES;
				CLANG_WARN_OBJC_ROOT_CLASS = YES_ERROR;
				CLANG_WARN_RANGE_LOOP_ANALYSIS = YES;
				CLANG_WARN_STRICT_PROTOTYPES = YES;
				CLANG_WARN_SUSPICIOUS_MOVE = YES;
				CLANG_WARN_UNGUARDED_AVAILABILITY = YES_AGGRESSIVE;
				CLANG_WARN_UNREACHABLE_CODE = YES;
				CLANG_WARN__DUPLICATE_METHOD_MATCH = YES;
				CODE_SIGN_IDENTITY = "iPhone Developer";
				COPY_PHASE_STRIP = NO;
				DEBUG_INFORMATION_FORMAT = dwarf;
				ENABLE_STRICT_OBJC_MSGSEND = YES;
				ENABLE_TESTABILITY = YES;
				GCC_C_LANGUAGE_STANDARD = gnu11;
				GCC_DYNAMIC_NO_PIC = NO;
				GCC_NO_COMMON_BLOCKS = YES;
				GCC_OPTIMIZATION_LEVEL = 0;
				GCC_PREPROCESSOR_DEFINITIONS = (
					"DEBUG=1",
					"$(inherited)",
				);
				GCC_WARN_64_TO_32_BIT_CONVERSION = YES;
				GCC_WARN_ABOUT_RETURN_TYPE = YES_ERROR;
				GCC_WARN_UNDECLARED_SELECTOR = YES;
				GCC_WARN_UNINITIALIZED_AUTOS = YES_AGGRESSIVE;
				GCC_WARN_UNUSED_FUNCTION = YES;
				GCC_WARN_UNUSED_VARIABLE = YES;
				IPHONEOS_DEPLOYMENT_TARGET = 12.1;
				MTL_ENABLE_DEBUG_INFO = INCLUDE_SOURCE;
				MTL_FAST_MATH = YES;
				ONLY_ACTIVE_ARCH = YES;
				SDKROOT = iphoneos;
				SWIFT_ACTIVE_COMPILATION_CONDITIONS = DEBUG;
				SWIFT_OPTIMIZATION_LEVEL = "-Onone";
			};
			name = Debug;
		};
		3B2D5B1D21B59FED0062FA2C /* Release */ = {
			isa = XCBuildConfiguration;
			buildSettings = {
				ALWAYS_SEARCH_USER_PATHS = NO;
				CLANG_ANALYZER_NONNULL = YES;
				CLANG_ANALYZER_NUMBER_OBJECT_CONVERSION = YES_AGGRESSIVE;
				CLANG_CXX_LANGUAGE_STANDARD = "gnu++14";
				CLANG_CXX_LIBRARY = "libc++";
				CLANG_ENABLE_MODULES = YES;
				CLANG_ENABLE_OBJC_ARC = YES;
				CLANG_ENABLE_OBJC_WEAK = YES;
				CLANG_WARN_BLOCK_CAPTURE_AUTORELEASING = YES;
				CLANG_WARN_BOOL_CONVERSION = YES;
				CLANG_WARN_COMMA = YES;
				CLANG_WARN_CONSTANT_CONVERSION = YES;
				CLANG_WARN_DEPRECATED_OBJC_IMPLEMENTATIONS = YES;
				CLANG_WARN_DIRECT_OBJC_ISA_USAGE = YES_ERROR;
				CLANG_WARN_DOCUMENTATION_COMMENTS = YES;
				CLANG_WARN_EMPTY_BODY = YES;
				CLANG_WARN_ENUM_CONVERSION = YES;
				CLANG_WARN_INFINITE_RECURSION = YES;
				CLANG_WARN_INT_CONVERSION = YES;
				CLANG_WARN_NON_LITERAL_NULL_CONVERSION = YES;
				CLANG_WARN_OBJC_IMPLICIT_RETAIN_SELF = YES;
				CLANG_WARN_OBJC_LITERAL_CONVERSION = YES;
				CLANG_WARN_OBJC_ROOT_CLASS = YES_ERROR;
				CLANG_WARN_RANGE_LOOP_ANALYSIS = YES;
				CLANG_WARN_STRICT_PROTOTYPES = YES;
				CLANG_WARN_SUSPICIOUS_MOVE = YES;
				CLANG_WARN_UNGUARDED_AVAILABILITY = YES_AGGRESSIVE;
				CLANG_WARN_UNREACHABLE_CODE = YES;
				CLANG_WARN__DUPLICATE_METHOD_MATCH = YES;
				CODE_SIGN_IDENTITY = "iPhone Developer";
				COPY_PHASE_STRIP = NO;
				DEBUG_INFORMATION_FORMAT = "dwarf-with-dsym";
				ENABLE_NS_ASSERTIONS = NO;
				ENABLE_STRICT_OBJC_MSGSEND = YES;
				GCC_C_LANGUAGE_STANDARD = gnu11;
				GCC_NO_COMMON_BLOCKS = YES;
				GCC_WARN_64_TO_32_BIT_CONVERSION = YES;
				GCC_WARN_ABOUT_RETURN_TYPE = YES_ERROR;
				GCC_WARN_UNDECLARED_SELECTOR = YES;
				GCC_WARN_UNINITIALIZED_AUTOS = YES_AGGRESSIVE;
				GCC_WARN_UNUSED_FUNCTION = YES;
				GCC_WARN_UNUSED_VARIABLE = YES;
				IPHONEOS_DEPLOYMENT_TARGET = 12.1;
				MTL_ENABLE_DEBUG_INFO = NO;
				MTL_FAST_MATH = YES;
				SDKROOT = iphoneos;
				SWIFT_COMPILATION_MODE = wholemodule;
				SWIFT_OPTIMIZATION_LEVEL = "-O";
				VALIDATE_PRODUCT = YES;
			};
			name = Release;
		};
		3B2D5B1F21B59FED0062FA2C /* Debug */ = {
			isa = XCBuildConfiguration;
			buildSettings = {
				ASSETCATALOG_COMPILER_APPICON_NAME = AppIcon;
				CODE_SIGN_STYLE = Automatic;
				DEVELOPMENT_TEAM = P5GDXH37A7;
				INFOPLIST_FILE = "Mahjong Scoring/Info.plist";
				LD_RUNPATH_SEARCH_PATHS = (
					"$(inherited)",
					"@executable_path/Frameworks",
				);
				PRODUCT_BUNDLE_IDENTIFIER = "com.yueqi.Mahjong-Scoring";
				PRODUCT_NAME = "$(TARGET_NAME)";
				SWIFT_VERSION = 4.2;
				TARGETED_DEVICE_FAMILY = "1,2";
			};
			name = Debug;
		};
		3B2D5B2021B59FED0062FA2C /* Release */ = {
			isa = XCBuildConfiguration;
			buildSettings = {
				ASSETCATALOG_COMPILER_APPICON_NAME = AppIcon;
				CODE_SIGN_STYLE = Automatic;
				DEVELOPMENT_TEAM = P5GDXH37A7;
				INFOPLIST_FILE = "Mahjong Scoring/Info.plist";
				LD_RUNPATH_SEARCH_PATHS = (
					"$(inherited)",
					"@executable_path/Frameworks",
				);
				PRODUCT_BUNDLE_IDENTIFIER = "com.yueqi.Mahjong-Scoring";
				PRODUCT_NAME = "$(TARGET_NAME)";
				SWIFT_VERSION = 4.2;
				TARGETED_DEVICE_FAMILY = "1,2";
			};
			name = Release;
		};
/* End XCBuildConfiguration section */

/* Begin XCConfigurationList section */
		3B2D5B0721B59FEB0062FA2C /* Build configuration list for PBXProject "Mahjong Scoring" */ = {
			isa = XCConfigurationList;
			buildConfigurations = (
				3B2D5B1C21B59FED0062FA2C /* Debug */,
				3B2D5B1D21B59FED0062FA2C /* Release */,
			);
			defaultConfigurationIsVisible = 0;
			defaultConfigurationName = Release;
		};
		3B2D5B1E21B59FED0062FA2C /* Build configuration list for PBXNativeTarget "Mahjong Scoring" */ = {
			isa = XCConfigurationList;
			buildConfigurations = (
				3B2D5B1F21B59FED0062FA2C /* Debug */,
				3B2D5B2021B59FED0062FA2C /* Release */,
			);
			defaultConfigurationIsVisible = 0;
			defaultConfigurationName = Release;
		};
/* End XCConfigurationList section */
	};
	rootObject = 3B2D5B0421B59FEB0062FA2C /* Project object */;
}
